
Microsoft Visual Studio Solution File, Format Version 12.00
Project("{2150E333-8FDC-42A3-9474-1A3956D46DE8}") = "Solution Items", "Solution Items", "{DC38308D-3B85-4EE7-BEC3-E8E758D822DE}"
	ProjectSection(SolutionItems) = preProject
		.gitignore = .gitignore
		README.md = README.md
		.github\workflows\publish-nuget.yml = .github\workflows\publish-nuget.yml
		.github\workflows\run-tests.yml = .github\workflows\run-tests.yml
	EndProjectSection
EndProject
Project("{FAE04EC0-301F-11D3-BF4B-00C04F79EFBC}") = "AndrewK.Umbraco.Extensions.Dictionary", "AndrewK.Umbraco.Extensions.Dictionary\AndrewK.Umbraco.Extensions.Dictionary.csproj", "{63DD9123-C717-4D5A-8953-1458CD64E6E8}"
EndProject
Project("{FAE04EC0-301F-11D3-BF4B-00C04F79EFBC}") = "AndrewK.Umbraco.Extensions.Dropdown", "AndrewK.Umbraco.Extensions.Dropdown\AndrewK.Umbraco.Extensions.Dropdown.csproj", "{C4ABAD02-4035-4D45-9DAE-401011E37000}"
EndProject
Project("{FAE04EC0-301F-11D3-BF4B-00C04F79EFBC}") = "AndrewK.Umbraco.Extensions.Example", "AndrewK.Umbraco.Extensions.Example\AndrewK.Umbraco.Extensions.Example.csproj", "{160EA771-E3C0-42B1-8E19-A1B9A3C884E2}"
EndProject
Project("{FAE04EC0-301F-11D3-BF4B-00C04F79EFBC}") = "AndrewK.Umbraco.Extensions.Tests", "AndrewK.Umbraco.Extensions.Tests\AndrewK.Umbraco.Extensions.Tests.csproj", "{1010B587-6718-44F4-BFFB-A4EF949370EE}"
EndProject
Project("{FAE04EC0-301F-11D3-BF4B-00C04F79EFBC}") = "AndrewK.Umbraco.Extensions.CheckBoxList", "AndrewK.Umbraco.Extensions.CheckBoxList\AndrewK.Umbraco.Extensions.CheckBoxList.csproj", "{D079BDDA-060A-47E3-93AC-9C576F64C39B}"
EndProject
Project("{FAE04EC0-301F-11D3-BF4B-00C04F79EFBC}") = "AndrewK.Umbraco.Extensions.RadioButtonList", "AndrewK.Umbraco.Extensions.RadioButtonList\AndrewK.Umbraco.Extensions.RadioButtonList.csproj", "{A98DC845-75A3-4490-A63A-15764DC34ED9}"
EndProject
Global
	GlobalSection(SolutionConfigurationPlatforms) = preSolution
		Debug|Any CPU = Debug|Any CPU
		Release|Any CPU = Release|Any CPU
	EndGlobalSection
	GlobalSection(ProjectConfigurationPlatforms) = postSolution
		{63DD9123-C717-4D5A-8953-1458CD64E6E8}.Debug|Any CPU.ActiveCfg = Debug|Any CPU
		{63DD9123-C717-4D5A-8953-1458CD64E6E8}.Release|Any CPU.ActiveCfg = Release|Any CPU
		{63DD9123-C717-4D5A-8953-1458CD64E6E8}.Release|Any CPU.Build.0 = Release|Any CPU
		{63DD9123-C717-4D5A-8953-1458CD64E6E8}.Debug|Any CPU.Build.0 = Debug|Any CPU
		{C4ABAD02-4035-4D45-9DAE-401011E37000}.Debug|Any CPU.ActiveCfg = Debug|Any CPU
		{C4ABAD02-4035-4D45-9DAE-401011E37000}.Release|Any CPU.ActiveCfg = Release|Any CPU
		{C4ABAD02-4035-4D45-9DAE-401011E37000}.Release|Any CPU.Build.0 = Release|Any CPU
		{C4ABAD02-4035-4D45-9DAE-401011E37000}.Debug|Any CPU.Build.0 = Debug|Any CPU
		{160EA771-E3C0-42B1-8E19-A1B9A3C884E2}.Debug|Any CPU.ActiveCfg = Debug|Any CPU
		{160EA771-E3C0-42B1-8E19-A1B9A3C884E2}.Debug|Any CPU.Build.0 = Debug|Any CPU
		{160EA771-E3C0-42B1-8E19-A1B9A3C884E2}.Release|Any CPU.ActiveCfg = Release|Any CPU
		{160EA771-E3C0-42B1-8E19-A1B9A3C884E2}.Release|Any CPU.Build.0 = Release|Any CPU
		{1010B587-6718-44F4-BFFB-A4EF949370EE}.Debug|Any CPU.ActiveCfg = Debug|Any CPU
		{1010B587-6718-44F4-BFFB-A4EF949370EE}.Debug|Any CPU.Build.0 = Debug|Any CPU
		{1010B587-6718-44F4-BFFB-A4EF949370EE}.Release|Any CPU.ActiveCfg = Release|Any CPU
		{1010B587-6718-44F4-BFFB-A4EF949370EE}.Release|Any CPU.Build.0 = Release|Any CPU
		{D079BDDA-060A-47E3-93AC-9C576F64C39B}.Debug|Any CPU.ActiveCfg = Debug|Any CPU
		{D079BDDA-060A-47E3-93AC-9C576F64C39B}.Debug|Any CPU.Build.0 = Debug|Any CPU
		{D079BDDA-060A-47E3-93AC-9C576F64C39B}.Release|Any CPU.ActiveCfg = Release|Any CPU
		{D079BDDA-060A-47E3-93AC-9C576F64C39B}.Release|Any CPU.Build.0 = Release|Any CPU
		{A98DC845-75A3-4490-A63A-15764DC34ED9}.Debug|Any CPU.ActiveCfg = Debug|Any CPU
		{A98DC845-75A3-4490-A63A-15764DC34ED9}.Debug|Any CPU.Build.0 = Debug|Any CPU
		{A98DC845-75A3-4490-A63A-15764DC34ED9}.Release|Any CPU.ActiveCfg = Release|Any CPU
		{A98DC845-75A3-4490-A63A-15764DC34ED9}.Release|Any CPU.Build.0 = Release|Any CPU
	EndGlobalSection
EndGlobal
